
Microsoft Visual Studio Solution File, Format Version 12.00
# Visual Studio Version 16
VisualStudioVersion = 16.0.31019.35
MinimumVisualStudioVersion = 10.0.40219.1
Project("{2150E333-8FDC-42A3-9474-1A3956D46DE8}") = "src", "src", "{07BA55A3-76C5-4FA0-94CD-187B49B84F11}"
EndProject
Project("{2150E333-8FDC-42A3-9474-1A3956D46DE8}") = "test", "test", "{6E4E55B5-0FC1-4059-AB2F-3B494A1AF462}"
EndProject
Project("{2150E333-8FDC-42A3-9474-1A3956D46DE8}") = "Application", "Application", "{4EB98458-786E-4D56-845F-6C3E180DCDE0}"
EndProject
Project("{9A19103F-16F7-4668-BE54-9A1E7A4F7556}") = "EPM.WebApi", "EPM.WebApi\EPM.WebApi.csproj", "{0A828662-A5FB-4550-A898-ADD2189645FE}"
EndProject
Project("{2150E333-8FDC-42A3-9474-1A3956D46DE8}") = "Domain", "Domain", "{59811DAF-2FC4-446C-8A1B-0494D102071B}"
EndProject
Project("{9A19103F-16F7-4668-BE54-9A1E7A4F7556}") = "EPM.Model", "EPM.Model\EPM.Model.csproj", "{AE643119-8B35-4687-AA27-DDD725E7EAC9}"
EndProject
Project("{2150E333-8FDC-42A3-9474-1A3956D46DE8}") = "Framework", "Framework", "{90E8ADBE-AC7F-41D8-88CB-08BF3EA10210}"
EndProject
Project("{2150E333-8FDC-42A3-9474-1A3956D46DE8}") = "Business", "Business", "{97B8CFA8-0661-4860-8030-9F36AB8A85D8}"
EndProject
Project("{2150E333-8FDC-42A3-9474-1A3956D46DE8}") = "DataAccess", "DataAccess", "{365F565B-9444-4DCD-9540-3C532FDB47AB}"
EndProject
Project("{9A19103F-16F7-4668-BE54-9A1E7A4F7556}") = "EPM.Framework", "EPM.Framework\EPM.Framework.csproj", "{603E33CF-0128-4397-A07E-085E0C4CDD62}"
EndProject
Project("{9A19103F-16F7-4668-BE54-9A1E7A4F7556}") = "EPM.IService", "EPM.IService\EPM.IService.csproj", "{50C5AE45-D311-4E43-ADCE-9944F0A0796E}"
EndProject
Project("{9A19103F-16F7-4668-BE54-9A1E7A4F7556}") = "EPM.Service", "EPM.Service\EPM.Service.csproj", "{E4C36AE6-D83A-471C-B2BF-2A9833219C14}"
EndProject
Project("{9A19103F-16F7-4668-BE54-9A1E7A4F7556}") = "EPM.EFCore", "EPM.EFCore\EPM.EFCore.csproj", "{0E76D6EE-80DC-4B31-A3B2-0DF588AA6E0C}"
EndProject
Project("{9A19103F-16F7-4668-BE54-9A1E7A4F7556}") = "EPM.IRepository", "EPM.IRepository\EPM.IRepository.csproj", "{26B5B53D-9CE6-4F47-8DB2-746E49444771}"
EndProject
Project("{9A19103F-16F7-4668-BE54-9A1E7A4F7556}") = "EPM.Repository", "EPM.Repository\EPM.Repository.csproj", "{214E6E6E-9DD2-4793-B7C9-0E20A70AB659}"
EndProject
Project("{9A19103F-16F7-4668-BE54-9A1E7A4F7556}") = "EPM.XUnitTest", "EPM.XUnitTest\EPM.XUnitTest.csproj", "{B4D00CD6-ED32-41CC-ACE5-5F7BFF169BBE}"
EndProject
Global
	GlobalSection(SolutionConfigurationPlatforms) = preSolution
		Debug|Any CPU = Debug|Any CPU
		Release|Any CPU = Release|Any CPU
	EndGlobalSection
	GlobalSection(ProjectConfigurationPlatforms) = postSolution
		{0A828662-A5FB-4550-A898-ADD2189645FE}.Debug|Any CPU.ActiveCfg = Debug|Any CPU
		{0A828662-A5FB-4550-A898-ADD2189645FE}.Debug|Any CPU.Build.0 = Debug|Any CPU
		{0A828662-A5FB-4550-A898-ADD2189645FE}.Release|Any CPU.ActiveCfg = Release|Any CPU
		{0A828662-A5FB-4550-A898-ADD2189645FE}.Release|Any CPU.Build.0 = Release|Any CPU
		{AE643119-8B35-4687-AA27-DDD725E7EAC9}.Debug|Any CPU.ActiveCfg = Debug|Any CPU
		{AE643119-8B35-4687-AA27-DDD725E7EAC9}.Debug|Any CPU.Build.0 = Debug|Any CPU
		{AE643119-8B35-4687-AA27-DDD725E7EAC9}.Release|Any CPU.ActiveCfg = Release|Any CPU
		{AE643119-8B35-4687-AA27-DDD725E7EAC9}.Release|Any CPU.Build.0 = Release|Any CPU
		{603E33CF-0128-4397-A07E-085E0C4CDD62}.Debug|Any CPU.ActiveCfg = Debug|Any CPU
		{603E33CF-0128-4397-A07E-085E0C4CDD62}.Debug|Any CPU.Build.0 = Debug|Any CPU
		{603E33CF-0128-4397-A07E-085E0C4CDD62}.Release|Any CPU.ActiveCfg = Release|Any CPU
		{603E33CF-0128-4397-A07E-085E0C4CDD62}.Release|Any CPU.Build.0 = Release|Any CPU
		{50C5AE45-D311-4E43-ADCE-9944F0A0796E}.Debug|Any CPU.ActiveCfg = Debug|Any CPU
		{50C5AE45-D311-4E43-ADCE-9944F0A0796E}.Debug|Any CPU.Build.0 = Debug|Any CPU
		{50C5AE45-D311-4E43-ADCE-9944F0A0796E}.Release|Any CPU.ActiveCfg = Release|Any CPU
		{50C5AE45-D311-4E43-ADCE-9944F0A0796E}.Release|Any CPU.Build.0 = Release|Any CPU
		{E4C36AE6-D83A-471C-B2BF-2A9833219C14}.Debug|Any CPU.ActiveCfg = Debug|Any CPU
		{E4C36AE6-D83A-471C-B2BF-2A9833219C14}.Debug|Any CPU.Build.0 = Debug|Any CPU
		{E4C36AE6-D83A-471C-B2BF-2A9833219C14}.Release|Any CPU.ActiveCfg = Release|Any CPU
		{E4C36AE6-D83A-471C-B2BF-2A9833219C14}.Release|Any CPU.Build.0 = Release|Any CPU
		{0E76D6EE-80DC-4B31-A3B2-0DF588AA6E0C}.Debug|Any CPU.ActiveCfg = Debug|Any CPU
		{0E76D6EE-80DC-4B31-A3B2-0DF588AA6E0C}.Debug|Any CPU.Build.0 = Debug|Any CPU
		{0E76D6EE-80DC-4B31-A3B2-0DF588AA6E0C}.Release|Any CPU.ActiveCfg = Release|Any CPU
		{0E76D6EE-80DC-4B31-A3B2-0DF588AA6E0C}.Release|Any CPU.Build.0 = Release|Any CPU
		{26B5B53D-9CE6-4F47-8DB2-746E49444771}.Debug|Any CPU.ActiveCfg = Debug|Any CPU
		{26B5B53D-9CE6-4F47-8DB2-746E49444771}.Debug|Any CPU.Build.0 = Debug|Any CPU
		{26B5B53D-9CE6-4F47-8DB2-746E49444771}.Release|Any CPU.ActiveCfg = Release|Any CPU
		{26B5B53D-9CE6-4F47-8DB2-746E49444771}.Release|Any CPU.Build.0 = Release|Any CPU
		{214E6E6E-9DD2-4793-B7C9-0E20A70AB659}.Debug|Any CPU.ActiveCfg = Debug|Any CPU
		{214E6E6E-9DD2-4793-B7C9-0E20A70AB659}.Debug|Any CPU.Build.0 = Debug|Any CPU
		{214E6E6E-9DD2-4793-B7C9-0E20A70AB659}.Release|Any CPU.ActiveCfg = Release|Any CPU
		{214E6E6E-9DD2-4793-B7C9-0E20A70AB659}.Release|Any CPU.Build.0 = Release|Any CPU
		{B4D00CD6-ED32-41CC-ACE5-5F7BFF169BBE}.Debug|Any CPU.ActiveCfg = Debug|Any CPU
		{B4D00CD6-ED32-41CC-ACE5-5F7BFF169BBE}.Debug|Any CPU.Build.0 = Debug|Any CPU
		{B4D00CD6-ED32-41CC-ACE5-5F7BFF169BBE}.Release|Any CPU.ActiveCfg = Release|Any CPU
		{B4D00CD6-ED32-41CC-ACE5-5F7BFF169BBE}.Release|Any CPU.Build.0 = Release|Any CPU
	EndGlobalSection
	GlobalSection(SolutionProperties) = preSolution
		HideSolutionNode = FALSE
	EndGlobalSection
	GlobalSection(NestedProjects) = preSolution
		{4EB98458-786E-4D56-845F-6C3E180DCDE0} = {07BA55A3-76C5-4FA0-94CD-187B49B84F11}
		{0A828662-A5FB-4550-A898-ADD2189645FE} = {4EB98458-786E-4D56-845F-6C3E180DCDE0}
		{59811DAF-2FC4-446C-8A1B-0494D102071B} = {07BA55A3-76C5-4FA0-94CD-187B49B84F11}
		{AE643119-8B35-4687-AA27-DDD725E7EAC9} = {59811DAF-2FC4-446C-8A1B-0494D102071B}
		{90E8ADBE-AC7F-41D8-88CB-08BF3EA10210} = {07BA55A3-76C5-4FA0-94CD-187B49B84F11}
		{97B8CFA8-0661-4860-8030-9F36AB8A85D8} = {07BA55A3-76C5-4FA0-94CD-187B49B84F11}
		{365F565B-9444-4DCD-9540-3C532FDB47AB} = {07BA55A3-76C5-4FA0-94CD-187B49B84F11}
		{603E33CF-0128-4397-A07E-085E0C4CDD62} = {90E8ADBE-AC7F-41D8-88CB-08BF3EA10210}
		{50C5AE45-D311-4E43-ADCE-9944F0A0796E} = {97B8CFA8-0661-4860-8030-9F36AB8A85D8}
		{E4C36AE6-D83A-471C-B2BF-2A9833219C14} = {97B8CFA8-0661-4860-8030-9F36AB8A85D8}
		{0E76D6EE-80DC-4B31-A3B2-0DF588AA6E0C} = {365F565B-9444-4DCD-9540-3C532FDB47AB}
		{26B5B53D-9CE6-4F47-8DB2-746E49444771} = {365F565B-9444-4DCD-9540-3C532FDB47AB}
		{214E6E6E-9DD2-4793-B7C9-0E20A70AB659} = {365F565B-9444-4DCD-9540-3C532FDB47AB}
		{B4D00CD6-ED32-41CC-ACE5-5F7BFF169BBE} = {6E4E55B5-0FC1-4059-AB2F-3B494A1AF462}
	EndGlobalSection
	GlobalSection(ExtensibilityGlobals) = postSolution
		SolutionGuid = {1CA22086-81C5-4927-898E-8A9127B5F0E2}
	EndGlobalSection
EndGlobal
